// !$*UTF8*$!
{
	archiveVersion = 1;
	classes = {
	};
	objectVersion = 46;
	objects = {

/* Begin PBXBuildFile section */
		F024EBB81DAD35230057BF40 /* AppDelegate.swift in Sources */ = {isa = PBXBuildFile; fileRef = F024EBB71DAD35230057BF40 /* AppDelegate.swift */; };
		F024EBBA1DAD35230057BF40 /* ViewController.swift in Sources */ = {isa = PBXBuildFile; fileRef = F024EBB91DAD35230057BF40 /* ViewController.swift */; };
		F024EBBD1DAD35230057BF40 /* Main.storyboard in Resources */ = {isa = PBXBuildFile; fileRef = F024EBBB1DAD35230057BF40 /* Main.storyboard */; };
		F024EBBF1DAD35230057BF40 /* Assets.xcassets in Resources */ = {isa = PBXBuildFile; fileRef = F024EBBE1DAD35230057BF40 /* Assets.xcassets */; };
		F024EBC21DAD35230057BF40 /* LaunchScreen.storyboard in Resources */ = {isa = PBXBuildFile; fileRef = F024EBC01DAD35230057BF40 /* LaunchScreen.storyboard */; };
/* End PBXBuildFile section */

/* Begin PBXFileReference section */
		F024EBB41DAD35230057BF40 /* SDWebImageDemo.app */ = {isa = PBXFileReference; explicitFileType = wrapper.application; includeInIndex = 0; path = SDWebImageDemo.app; sourceTree = BUILT_PRODUCTS_DIR; };
		F024EBB71DAD35230057BF40 /* AppDelegate.swift */ = {isa = PBXFileReference; lastKnownFileType = sourcecode.swift; path = AppDelegate.swift; sourceTree = "<group>"; };
		F024EBB91DAD35230057BF40 /* ViewController.swift */ = {isa = PBXFileReference; lastKnownFileType = sourcecode.swift; path = ViewController.swift; sourceTree = "<group>"; };
		F024EBBC1DAD35230057BF40 /* Base */ = {isa = PBXFileReference; lastKnownFileType = file.storyboard; name = Base; path = Base.lproj/Main.storyboard; sourceTree = "<group>"; };
		F024EBBE1DAD35230057BF40 /* Assets.xcassets */ = {isa = PBXFileReference; lastKnownFileType = folder.assetcatalog; path = Assets.xcassets; sourceTree = "<group>"; };
		F024EBC11DAD35230057BF40 /* Base */ = {isa = PBXFileReference; lastKnownFileType = file.storyboard; name = Base; path = Base.lproj/LaunchScreen.storyboard; sourceTree = "<group>"; };
		F024EBC31DAD35230057BF40 /* Info.plist */ = {isa = PBXFileReference; lastKnownFileType = text.plist.xml; path = Info.plist; sourceTree = "<group>"; };
/* End PBXFileReference section */

/* Begin PBXFrameworksBuildPhase section */
		F024EBB11DAD35230057BF40 /* Frameworks */ = {
			isa = PBXFrameworksBuildPhase;
			buildActionMask = 2147483647;
			files = (
			);
			runOnlyForDeploymentPostprocessing = 0;
		};
/* End PBXFrameworksBuildPhase section */

/* Begin PBXGroup section */
		F024EBAB1DAD35220057BF40 = {
			isa = PBXGroup;
			children = (
				F024EBB61DAD35230057BF40 /* SDWebImageDemo */,
				F024EBB51DAD35230057BF40 /* Products */,
			);
			sourceTree = "<group>";
		};
		F024EBB51DAD35230057BF40 /* Products */ = {
			isa = PBXGroup;
			children = (
				F024EBB41DAD35230057BF40 /* SDWebImageDemo.app */,
			);
			name = Products;
			sourceTree = "<group>";
		};
		F024EBB61DAD35230057BF40 /* SDWebImageDemo */ = {
			isa = PBXGroup;
			children = (
				F024EBB71DAD35230057BF40 /* AppDelegate.swift */,
				F024EBB91DAD35230057BF40 /* ViewController.swift */,
				F024EBBB1DAD35230057BF40 /* Main.storyboard */,
				F024EBBE1DAD35230057BF40 /* Assets.xcassets */,
				F024EBC01DAD35230057BF40 /* LaunchScreen.storyboard */,
				F024EBC31DAD35230057BF40 /* Info.plist */,
			);
			path = SDWebImageDemo;
			sourceTree = "<group>";
		};
/* End PBXGroup section */

/* Begin PBXNativeTarget section */
		F024EBB31DAD35230057BF40 /* SDWebImageDemo */ = {
			isa = PBXNativeTarget;
			buildConfigurationList = F024EBC61DAD35230057BF40 /* Build configuration list for PBXNativeTarget "SDWebImageDemo" */;
			buildPhases = (
				F024EBB01DAD35230057BF40 /* Sources */,
				F024EBB11DAD35230057BF40 /* Frameworks */,
				F024EBB21DAD35230057BF40 /* Resources */,
			);
			buildRules = (
			);
			dependencies = (
			);
			name = SDWebImageDemo;
			productName = SDWebImageDemo;
			productReference = F024EBB41DAD35230057BF40 /* SDWebImageDemo.app */;
			productType = "com.apple.product-type.application";
		};
/* End PBXNativeTarget section */

/* Begin PBXProject section */
		F024EBAC1DAD35220057BF40 /* Project object */ = {
			isa = PBXProject;
			attributes = {
				LastSwiftUpdateCheck = 0730;
				LastUpgradeCheck = 0730;
				ORGANIZATIONNAME = FameSprinter;
				TargetAttributes = {
					F024EBB31DAD35230057BF40 = {
						CreatedOnToolsVersion = 7.3.1;
					};
				};
			};
			buildConfigurationList = F024EBAF1DAD35220057BF40 /* Build configuration list for PBXProject "SDWebImageDemo" */;
			compatibilityVersion = "Xcode 3.2";
			developmentRegion = English;
			hasScannedForEncodings = 0;
			knownRegions = (
				en,
				Base,
			);
			mainGroup = F024EBAB1DAD35220057BF40;
			productRefGroup = F024EBB51DAD35230057BF40 /* Products */;
			projectDirPath = "";
			projectRoot = "";
			targets = (
				F024EBB31DAD35230057BF40 /* SDWebImageDemo */,
			);
		};
/* End PBXProject section */

/* Begin PBXResourcesBuildPhase section */
		F024EBB21DAD35230057BF40 /* Resources */ = {
			isa = PBXResourcesBuildPhase;
			buildActionMask = 2147483647;
			files = (
				F024EBC21DAD35230057BF40 /* LaunchScreen.storyboard in Resources */,
				F024EBBF1DAD35230057BF40 /* Assets.xcassets in Resources */,
				F024EBBD1DAD35230057BF40 /* Main.storyboard in Resources */,
			);
			runOnlyForDeploymentPostprocessing = 0;
		};
/* End PBXResourcesBuildPhase section */

/* Begin PBXSourcesBuildPhase section */
		F024EBB01DAD35230057BF40 /* Sources */ = {
			isa = PBXSourcesBuildPhase;
			buildActionMask = 2147483647;
			files = (
				F024EBBA1DAD35230057BF40 /* ViewController.swift in Sources */,
				F024EBB81DAD35230057BF40 /* AppDelegate.swift in Sources */,
			);
			runOnlyForDeploymentPostprocessing = 0;
		};
/* End PBXSourcesBuildPhase section */

/* Begin PBXVariantGroup section */
		F024EBBB1DAD35230057BF40 /* Main.storyboard */ = {
			isa = PBXVariantGroup;
			children = (
				F024EBBC1DAD35230057BF40 /* Base */,
			);
			name = Main.storyboard;
			sourceTree = "<group>";
		};
		F024EBC01DAD35230057BF40 /* LaunchScreen.storyboard */ = {
			isa = PBXVariantGroup;
			children = (
				F024EBC11DAD35230057BF40 /* Base */,
			);
			name = LaunchScreen.storyboard;
			sourceTree = "<group>";
		};
/* End PBXVariantGroup section */

/* Begin XCBuildConfiguration section */
		F024EBC41DAD35230057BF40 /* Debug */ = {
			isa = XCBuildConfiguration;
			buildSettings = {
				ALWAYS_SEARCH_USER_PATHS = NO;
				CLANG_ANALYZER_NONNULL = YES;
				CLANG_CXX_LANGUAGE_STANDARD = "gnu++0x";
				CLANG_CXX_LIBRARY = "libc++";
				CLANG_ENABLE_MODULES = YES;
				CLANG_ENABLE_OBJC_ARC = YES;
				CLANG_WARN_BOOL_CONVERSION = YES;
				CLANG_WARN_CONSTANT_CONVERSION = YES;
				CLANG_WARN_DIRECT_OBJC_ISA_USAGE = YES_ERROR;
				CLANG_WARN_EMPTY_BODY = YES;
				CLANG_WARN_ENUM_CONVERSION = YES;
				CLANG_WARN_INT_CONVERSION = YES;
				CLANG_WARN_OBJC_ROOT_CLASS = YES_ERROR;
				CLANG_WARN_UNREACHABLE_CODE = YES;
				CLANG_WARN__DUPLICATE_METHOD_MATCH = YES;
				"CODE_SIGN_IDENTITY[sdk=iphoneos*]" = "iPhone Developer";
				COPY_PHASE_STRIP = NO;
				DEBUG_INFORMATION_FORMAT = dwarf;
				ENABLE_STRICT_OBJC_MSGSEND = YES;
				ENABLE_TESTABILITY = YES;
				GCC_C_LANGUAGE_STANDARD = gnu99;
				GCC_DYNAMIC_NO_PIC = NO;
				GCC_NO_COMMON_BLOCKS = YES;
				GCC_OPTIMIZATION_LEVEL = 0;
				GCC_PREPROCESSOR_DEFINITIONS = (
					"DEBUG=1",
					"$(inherited)",
				);
				GCC_WARN_64_TO_32_BIT_CONVERSION = YES;
				GCC_WARN_ABOUT_RETURN_TYPE = YES_ERROR;
				GCC_WARN_UNDECLARED_SELECTOR = YES;
				GCC_WARN_UNINITIALIZED_AUTOS = YES_AGGRESSIVE;
				GCC_WARN_UNUSED_FUNCTION = YES;
				GCC_WARN_UNUSED_VARIABLE = YES;
				IPHONEOS_DEPLOYMENT_TARGET = 9.0;
				MTL_ENABLE_DEBUG_INFO = YES;
				ONLY_ACTIVE_ARCH = YES;
				SDKROOT = iphoneos;
				SWIFT_OPTIMIZATION_LEVEL = "-Onone";
				TARGETED_DEVICE_FAMILY = "1,2";
			};
			name = Debug;
		};
		F024EBC51DAD35230057BF40 /* Release */ = {
			isa = XCBuildConfiguration;
			buildSettings = {
				ALWAYS_SEARCH_USER_PATHS = NO;
				CLANG_ANALYZER_NONNULL = YES;
				CLANG_CXX_LANGUAGE_STANDARD = "gnu++0x";
				CLANG_CXX_LIBRARY = "libc++";
				CLANG_ENABLE_MODULES = YES;
				CLANG_ENABLE_OBJC_ARC = YES;
				CLANG_WARN_BOOL_CONVERSION = YES;
				CLANG_WARN_CONSTANT_CONVERSION = YES;
				CLANG_WARN_DIRECT_OBJC_ISA_USAGE = YES_ERROR;
				CLANG_WARN_EMPTY_BODY = YES;
				CLANG_WARN_ENUM_CONVERSION = YES;
				CLANG_WARN_INT_CONVERSION = YES;
				CLANG_WARN_OBJC_ROOT_CLASS = YES_ERROR;
				CLANG_WARN_UNREACHABLE_CODE = YES;
				CLANG_WARN__DUPLICATE_METHOD_MATCH = YES;
				"CODE_SIGN_IDENTITY[sdk=iphoneos*]" = "iPhone Developer";
				COPY_PHASE_STRIP = NO;
				DEBUG_INFORMATION_FORMAT = "dwarf-with-dsym";
				ENABLE_NS_ASSERTIONS = NO;
				ENABLE_STRICT_OBJC_MSGSEND = YES;
				GCC_C_LANGUAGE_STANDARD = gnu99;
				GCC_NO_COMMON_BLOCKS = YES;
				GCC_WARN_64_TO_32_BIT_CONVERSION = YES;
				GCC_WARN_ABOUT_RETURN_TYPE = YES_ERROR;
				GCC_WARN_UNDECLARED_SELECTOR = YES;
				GCC_WARN_UNINITIALIZED_AUTOS = YES_AGGRESSIVE;
				GCC_WARN_UNUSED_FUNCTION = YES;
				GCC_WARN_UNUSED_VARIABLE = YES;
				IPHONEOS_DEPLOYMENT_TARGET = 9.0;
				MTL_ENABLE_DEBUG_INFO = NO;
				SDKROOT = iphoneos;
				TARGETED_DEVICE_FAMILY = "1,2";
				VALIDATE_PRODUCT = YES;
			};
			name = Release;
		};
		F024EBC71DAD35230057BF40 /* Debug */ = {
			isa = XCBuildConfiguration;
			buildSettings = {
				ASSETCATALOG_COMPILER_APPICON_NAME = AppIcon;
				INFOPLIST_FILE = SDWebImageDemo/Info.plist;
				IPHONEOS_DEPLOYMENT_TARGET = 9.0;
				LD_RUNPATH_SEARCH_PATHS = "$(inherited) @executable_path/Frameworks";
				PRODUCT_BUNDLE_IDENTIFIER = KR.FameSprinter.SDWebImageDemo;
				PRODUCT_NAME = "$(TARGET_NAME)";
			};
			name = Debug;
		};
		F024EBC81DAD35230057BF40 /* Release */ = {
			isa = XCBuildConfiguration;
			buildSettings = {
				ASSETCATALOG_COMPILER_APPICON_NAME = AppIcon;
				INFOPLIST_FILE = SDWebImageDemo/Info.plist;
				IPHONEOS_DEPLOYMENT_TARGET = 9.0;
				LD_RUNPATH_SEARCH_PATHS = "$(inherited) @executable_path/Frameworks";
				PRODUCT_BUNDLE_IDENTIFIER = KR.FameSprinter.SDWebImageDemo;
				PRODUCT_NAME = "$(TARGET_NAME)";
			};
			name = Release;
		};
/* End XCBuildConfiguration section */

/* Begin XCConfigurationList section */
		F024EBAF1DAD35220057BF40 /* Build configuration list for PBXProject "SDWebImageDemo" */ = {
			isa = XCConfigurationList;
			buildConfigurations = (
				F024EBC41DAD35230057BF40 /* Debug */,
				F024EBC51DAD35230057BF40 /* Release */,
			);
			defaultConfigurationIsVisible = 0;
			defaultConfigurationName = Release;
		};
		F024EBC61DAD35230057BF40 /* Build configuration list for PBXNativeTarget "SDWebImageDemo" */ = {
			isa = XCConfigurationList;
			buildConfigurations = (
				F024EBC71DAD35230057BF40 /* Debug */,
				F024EBC81DAD35230057BF40 /* Release */,
			);
			defaultConfigurationIsVisible = 0;
		};
/* End XCConfigurationList section */
	};
	rootObject = F024EBAC1DAD35220057BF40 /* Project object */;
}
